dependencies:
- name: postgresql
  repository: https://kubernetes-charts.storage.googleapis.com/
  version: 8.2.1
- name: rabbitmq-ha
  repository: https://kubernetes-charts.storage.googleapis.com/
  version: 1.34.0
- name: redis
  repository: https://charts.bitnami.com/bitnami
  version: 10.7.16
digest: sha256:416bebb2dd583b62bd774e2fe133bae4324c4b8de6255284a88cea8bcee94c1e
generated: "2020-08-19T01:40:39.702363+02:00"
