dependencies:
- name: postgresql
  repository: https://kubernetes-charts.storage.googleapis.com/
  version: 8.2.1
- name: rabbitmq-ha
  repository: https://kubernetes-charts.storage.googleapis.com/
  version: 1.34.0
- name: redis
  repository: https://kubernetes-charts.storage.googleapis.com/
  version: 9.3.3
digest: sha256:3cd0b14b126db1cb0ecd8f936baabda18d8f921d048ee31fff597495db651406
generated: "2020-02-11T13:34:29.946086+01:00"
