dependencies:
- name: postgresql
  repository: https://kubernetes-charts.storage.googleapis.com/
  version: 0.8.7
- name: rabbitmq
  repository: https://kubernetes-charts.storage.googleapis.com/
  version: 0.6.15
- name: redis
  repository: https://kubernetes-charts.storage.googleapis.com/
  version: 1.1.7
- name: docker-registry
  repository: https://kubernetes-charts.storage.googleapis.com/
  version: 1.0.1
digest: sha256:99301e7abcad4bea853b3b249d3c83589df8264837908f9d0a2234c20dde7552
generated: 2018-07-24T14:05:22.853695449+03:00
