dependencies:
- name: postgresql
  repository: https://kubernetes-charts.storage.googleapis.com/
  version: 0.8.7
- name: rabbitmq
  repository: https://kubernetes-charts.storage.googleapis.com/
  version: 0.6.15
- name: redis
  repository: https://kubernetes-charts.storage.googleapis.com/
  version: 1.1.7
- name: docker-registry
  repository: https://kubernetes-charts.storage.googleapis.com/
  version: 1.0.1
digest: sha256:75d5d69db5500262d88e4e43855c31e1ffcbfda652149688e3b0b222a1ebeda0
generated: 2018-05-06T17:11:56.104888402+02:00
