dependencies:
- name: postgresql
  repository: https://kubernetes-charts.storage.googleapis.com/
  version: 0.8.7
- name: rabbitmq-ha
  repository: https://kubernetes-charts.storage.googleapis.com/
  version: 1.34.0
- name: redis
  repository: https://kubernetes-charts.storage.googleapis.com/
  version: 9.3.3
- name: docker-registry
  repository: https://kubernetes-charts.storage.googleapis.com/
  version: 1.8.3
digest: sha256:7a41da924f740ef9731777756cc3cc27998883f3d9618de9dc510ecc6ff1c325
generated: "2019-11-07T00:01:21.617895+01:00"
